
Microsoft Visual Studio Solution File, Format Version 12.00
# Visual Studio Version 17
VisualStudioVersion = 17.11.35327.3
MinimumVisualStudioVersion = 10.0.40219.1
Project("{FAE04EC0-301F-11D3-BF4B-00C04F79EFBC}") = "Employee-Management-Assignment", "Employee-Management-Assignment\Employee-Management-Assignment.csproj", "{C3E59DA1-FBFF-4770-9BB8-B78A7D529B41}"
EndProject
Global
	GlobalSection(SolutionConfigurationPlatforms) = preSolution
		Debug|Any CPU = Debug|Any CPU
		Release|Any CPU = Release|Any CPU
	EndGlobalSection
	GlobalSection(ProjectConfigurationPlatforms) = postSolution
		{C3E59DA1-FBFF-4770-9BB8-B78A7D529B41}.Debug|Any CPU.ActiveCfg = Debug|Any CPU
		{C3E59DA1-FBFF-4770-9BB8-B78A7D529B41}.Debug|Any CPU.Build.0 = Debug|Any CPU
		{C3E59DA1-FBFF-4770-9BB8-B78A7D529B41}.Release|Any CPU.ActiveCfg = Release|Any CPU
		{C3E59DA1-FBFF-4770-9BB8-B78A7D529B41}.Release|Any CPU.Build.0 = Release|Any CPU
	EndGlobalSection
	GlobalSection(SolutionProperties) = preSolution
		HideSolutionNode = FALSE
	EndGlobalSection
	GlobalSection(ExtensibilityGlobals) = postSolution
		SolutionGuid = {D1E856C8-5AEE-4BA6-B280-9C4A6D90460C}
	EndGlobalSection
EndGlobal
